<?xml version="1.0" encoding="utf-8"?>
<Project ToolsVersion="4.0" xmlns="http://schemas.microsoft.com/developer/msbuild/2003">
  <ItemGroup>
    <Filter Include="Source Files">
      <UniqueIdentifier>{4FC737F1-C7A5-4376-A066-2A32D752A2FF}</UniqueIdentifier>
      <Extensions>cpp;c;cxx;def;odl;idl;hpj;bat;asm;asmx</Extensions>
    </Filter>
    <Filter Include="Source Files">
      <UniqueIdentifier>{4FC737F1-C7A5-4376-A066-2A32D752A2FF}</UniqueIdentifier>
      <Extensions>cpp;c;cxx;def;odl;idl;hpj;bat;asm;asmx</Extensions>
    </Filter>
  </ItemGroup>
  <ItemGroup>
    <ClCompile Include="..\libnoise\src\noise\module\abs.cpp">
      <Filter>Source Files</Filter>
    </ClCompile>
    <ClCompile Include="..\libnoise\src\noise\module\add.cpp">
      <Filter>Source Files</Filter>
    </ClCompile>
    <ClCompile Include="..\libnoise\src\noise\module\billow.cpp">
      <Filter>Source Files</Filter>
    </ClCompile>
    <ClCompile Include="..\libnoise\src\noise\module\blend.cpp">
      <Filter>Source Files</Filter>
    </ClCompile>
    <ClCompile Include="..\libnoise\src\noise\module\cache.cpp">
      <Filter>Source Files</Filter>
    </ClCompile>
    <ClCompile Include="..\libnoise\src\noise\module\checkerboard.cpp">
      <Filter>Source Files</Filter>
    </ClCompile>
    <ClCompile Include="..\libnoise\src\noise\module\clamp.cpp">
      <Filter>Source Files</Filter>
    </ClCompile>
    <ClCompile Include="..\libnoise\src\noise\module\const.cpp">
      <Filter>Source Files</Filter>
    </ClCompile>
    <ClCompile Include="..\libnoise\src\noise\module\curve.cpp">
      <Filter>Source Files</Filter>
    </ClCompile>
    <ClCompile Include="..\libnoise\src\noise\model\cylinder.cpp">
      <Filter>Source Files</Filter>
    </ClCompile>
    <ClCompile Include="..\libnoise\src\noise\module\cylinders.cpp">
      <Filter>Source Files</Filter>
    </ClCompile>
    <ClCompile Include="..\libnoise\src\noise\module\displace.cpp">
      <Filter>Source Files</Filter>
    </ClCompile>
    <ClCompile Include="..\libnoise\src\noise\module\exponent.cpp">
      <Filter>Source Files</Filter>
    </ClCompile>
    <ClCompile Include="..\libnoise\src\noise\module\invert.cpp">
      <Filter>Source Files</Filter>
    </ClCompile>
    <ClCompile Include="..\libnoise\src\noise\latlon.cpp">
      <Filter>Source Files</Filter>
    </ClCompile>
    <ClCompile Include="..\libnoise\src\noise\model\line.cpp">
      <Filter>Source Files</Filter>
    </ClCompile>
    <ClCompile Include="..\libnoise\src\noise\module\max.cpp">
      <Filter>Source Files</Filter>
    </ClCompile>
    <ClCompile Include="..\libnoise\src\noise\module\min.cpp">
      <Filter>Source Files</Filter>
    </ClCompile>
    <ClCompile Include="..\libnoise\src\noise\module\modulebase.cpp">
      <Filter>Source Files</Filter>
    </ClCompile>
    <ClCompile Include="..\libnoise\src\noise\module\multiply.cpp">
      <Filter>Source Files</Filter>
    </ClCompile>
    <ClCompile Include="..\libnoise\src\noise\noisegen.cpp">
      <Filter>Source Files</Filter>
    </ClCompile>
    <ClCompile Include="..\libnoise\src\noiseutils.cpp">
      <Filter>Source Files</Filter>
    </ClCompile>
    <ClCompile Include="..\libnoise\src\noise\module\perlin.cpp">
      <Filter>Source Files</Filter>
    </ClCompile>
    <ClCompile Include="..\libnoise\src\noise\model\plane.cpp">
      <Filter>Source Files</Filter>
    </ClCompile>
    <ClCompile Include="..\libnoise\src\noise\module\power.cpp">
      <Filter>Source Files</Filter>
    </ClCompile>
    <ClCompile Include="..\libnoise\src\noise\module\ridgedmulti.cpp">
      <Filter>Source Files</Filter>
    </ClCompile>
    <ClCompile Include="..\libnoise\src\noise\module\rotatepoint.cpp">
      <Filter>Source Files</Filter>
    </ClCompile>
    <ClCompile Include="..\libnoise\src\noise\module\scalebias.cpp">
      <Filter>Source Files</Filter>
    </ClCompile>
    <ClCompile Include="..\libnoise\src\noise\module\scalepoint.cpp">
      <Filter>Source Files</Filter>
    </ClCompile>
    <ClCompile Include="..\libnoise\src\noise\module\select.cpp">
      <Filter>Source Files</Filter>
    </ClCompile>
    <ClCompile Include="..\libnoise\src\noise\model\sphere.cpp">
      <Filter>Source Files</Filter>
    </ClCompile>
    <ClCompile Include="..\libnoise\src\noise\module\spheres.cpp">
      <Filter>Source Files</Filter>
    </ClCompile>
    <ClCompile Include="..\libnoise\src\noise\module\terrace.cpp">
      <Filter>Source Files</Filter>
    </ClCompile>
    <ClCompile Include="..\libnoise\src\noise\module\translatepoint.cpp">
      <Filter>Source Files</Filter>
    </ClCompile>
    <ClCompile Include="..\libnoise\src\noise\module\turbulence.cpp">
      <Filter>Source Files</Filter>
    </ClCompile>
    <ClCompile Include="..\libnoise\src\noise\module\voronoi.cpp">
      <Filter>Source Files</Filter>
    </ClCompile>
  </ItemGroup>
</Project>