<?xml version="1.0" encoding="utf-8"?>
<Project ToolsVersion="4.0" xmlns="http://schemas.microsoft.com/developer/msbuild/2003">
  <ItemGroup>
    <Filter Include="Form Files">
      <UniqueIdentifier>{99349809-55BA-4b9d-BF79-8FDBB0286EB3}</UniqueIdentifier>
      <Extensions>ui</Extensions>
      <ParseFiles>false</ParseFiles>
    </Filter>
    <Filter Include="Form Files">
      <UniqueIdentifier>{99349809-55BA-4b9d-BF79-8FDBB0286EB3}</UniqueIdentifier>
      <Extensions>ui</Extensions>
      <ParseFiles>false</ParseFiles>
    </Filter>
    <Filter Include="Generated Files">
      <UniqueIdentifier>{71ED8ED8-ACB9-4CE9-BBE1-E00B30144E11}</UniqueIdentifier>
      <Extensions>cpp;c;cxx;moc;h;def;odl;idl;res;</Extensions>
    </Filter>
    <Filter Include="Generated Files">
      <UniqueIdentifier>{71ED8ED8-ACB9-4CE9-BBE1-E00B30144E11}</UniqueIdentifier>
      <Extensions>cpp;c;cxx;moc;h;def;odl;idl;res;</Extensions>
    </Filter>
    <Filter Include="Header Files">
      <UniqueIdentifier>{93995380-89BD-4b04-88EB-625FBE52EBFB}</UniqueIdentifier>
      <Extensions>h;hpp;hxx;hm;inl;inc;xsd</Extensions>
    </Filter>
    <Filter Include="Header Files">
      <UniqueIdentifier>{93995380-89BD-4b04-88EB-625FBE52EBFB}</UniqueIdentifier>
      <Extensions>h;hpp;hxx;hm;inl;inc;xsd</Extensions>
    </Filter>
    <Filter Include="Resource Files">
      <UniqueIdentifier>{D9D6E242-F8AF-46E4-B9FD-80ECBC20BA3E}</UniqueIdentifier>
      <Extensions>qrc;*</Extensions>
      <ParseFiles>false</ParseFiles>
    </Filter>
    <Filter Include="Resource Files">
      <UniqueIdentifier>{D9D6E242-F8AF-46E4-B9FD-80ECBC20BA3E}</UniqueIdentifier>
      <Extensions>qrc;*</Extensions>
      <ParseFiles>false</ParseFiles>
    </Filter>
    <Filter Include="Source Files">
      <UniqueIdentifier>{4FC737F1-C7A5-4376-A066-2A32D752A2FF}</UniqueIdentifier>
      <Extensions>cpp;c;cxx;def;odl;idl;hpj;bat;asm;asmx</Extensions>
    </Filter>
    <Filter Include="Source Files">
      <UniqueIdentifier>{4FC737F1-C7A5-4376-A066-2A32D752A2FF}</UniqueIdentifier>
      <Extensions>cpp;c;cxx;def;odl;idl;hpj;bat;asm;asmx</Extensions>
    </Filter>
  </ItemGroup>
  <ItemGroup>
    <ClCompile Include="cluster\aspect.cpp">
      <Filter>Source Files</Filter>
    </ClCompile>
    <ClCompile Include="cluster\aspectgraphicsitem.cpp">
      <Filter>Source Files</Filter>
    </ClCompile>
    <ClCompile Include="cluster\aspectlist.cpp">
      <Filter>Source Files</Filter>
    </ClCompile>
    <ClCompile Include="cluster\cluster.cpp">
      <Filter>Source Files</Filter>
    </ClCompile>
    <ClCompile Include="clusterhtmlexporter.cpp">
      <Filter>Source Files</Filter>
    </ClCompile>
    <ClCompile Include="cluster\clusteritem.cpp">
      <Filter>Source Files</Filter>
    </ClCompile>
    <ClCompile Include="clusteritemeditor.cpp">
      <Filter>Source Files</Filter>
    </ClCompile>
    <ClCompile Include="models\clusteritemreachdata.cpp">
      <Filter>Source Files</Filter>
    </ClCompile>
    <ClCompile Include="models\clusteritemreachmodel.cpp">
      <Filter>Source Files</Filter>
    </ClCompile>
    <ClCompile Include="diasporaclusterdialog.cpp">
      <Filter>Source Files</Filter>
    </ClCompile>
    <ClCompile Include="cluster\diasporaclustergraphicsitem.cpp">
      <Filter>Source Files</Filter>
    </ClCompile>
    <ClCompile Include="cluster\diasporaclusterscene.cpp">
      <Filter>Source Files</Filter>
    </ClCompile>
    <ClCompile Include="diasporadefaultfonts.cpp">
      <Filter>Source Files</Filter>
    </ClCompile>
    <ClCompile Include="diasporamessage.cpp">
      <Filter>Source Files</Filter>
    </ClCompile>
    <ClCompile Include="diasporapaths.cpp">
      <Filter>Source Files</Filter>
    </ClCompile>
    <ClCompile Include="diasporawidgets.cpp">
      <Filter>Source Files</Filter>
    </ClCompile>
    <ClCompile Include="onomastikon.cpp">
      <Filter>Source Files</Filter>
    </ClCompile>
  </ItemGroup>
  <ItemGroup>
    <CustomBuild Include="clusteritemeditor.h">
      <Filter>Header Files</Filter>
    </CustomBuild>
    <CustomBuild Include="models\clusteritemreachmodel.h">
      <Filter>Header Files</Filter>
    </CustomBuild>
    <CustomBuild Include="diasporaclusterdialog.h">
      <Filter>Header Files</Filter>
    </CustomBuild>
    <CustomBuild Include="cluster\diasporaclusterscene.h">
      <Filter>Header Files</Filter>
    </CustomBuild>
    <CustomBuild Include="cluster\clusteritem.h">
      <Filter>Header Files</Filter>
    </CustomBuild>
    <CustomBuild Include="models\clusteritemreachdata.h">
      <Filter>Header Files</Filter>
    </CustomBuild>
    <CustomBuild Include="diaspora-widgets_global.h">
      <Filter>Header Files</Filter>
    </CustomBuild>
    <CustomBuild Include="cluster\diasporaclustergraphicsitem.h">
      <Filter>Header Files</Filter>
    </CustomBuild>
    <CustomBuild Include="diasporadefaultfonts.h">
      <Filter>Header Files</Filter>
    </CustomBuild>
    <CustomBuild Include="diasporamessage.h">
      <Filter>Header Files</Filter>
    </CustomBuild>
    <CustomBuild Include="diasporapaths.h">
      <Filter>Header Files</Filter>
    </CustomBuild>
    <CustomBuild Include="diasporawidgets.h">
      <Filter>Header Files</Filter>
    </CustomBuild>
    <CustomBuild Include="onomastikon.h">
      <Filter>Header Files</Filter>
    </CustomBuild>
    <CustomBuild Include="..\warpmain\ssg_structures.h">
      <Filter>Header Files</Filter>
    </CustomBuild>
    <CustomBuild Include="..\warpmain\100LY.STR">
      <Filter>Resource Files</Filter>
    </CustomBuild>
    <CustomBuild Include="..\warpmain\pics\1leftarrow.png">
      <Filter>Resource Files</Filter>
    </CustomBuild>
    <CustomBuild Include="..\warpmain\pics\1rightarrow.png">
      <Filter>Resource Files</Filter>
    </CustomBuild>
    <CustomBuild Include="..\warpmain\2300AD.STR">
      <Filter>Resource Files</Filter>
    </CustomBuild>
    <CustomBuild Include="..\warpmain\pics\map_icons\32_hex_reachable.png">
      <Filter>Resource Files</Filter>
    </CustomBuild>
    <CustomBuild Include="..\warpmain\50ly.str">
      <Filter>Resource Files</Filter>
    </CustomBuild>
    <CustomBuild Include="..\warpmain\pics\newicons\64.png">
      <Filter>Resource Files</Filter>
    </CustomBuild>
    <CustomBuild Include="..\warpmain\pics\AllTradeRoutes32.png">
      <Filter>Resource Files</Filter>
    </CustomBuild>
    <CustomBuild Include="..\warpmain\pics\Planets\BigRockball.png">
      <Filter>Resource Files</Filter>
    </CustomBuild>
    <CustomBuild Include="..\warpmain\pics\Planets\BigTerrestrial.png">
      <Filter>Resource Files</Filter>
    </CustomBuild>
    <CustomBuild Include="..\warpmain\pics\Planets\Chunk.png">
      <Filter>Resource Files</Filter>
    </CustomBuild>
    <CustomBuild Include="..\warpmain\pics\Planets\Desert.png">
      <Filter>Resource Files</Filter>
    </CustomBuild>
    <CustomBuild Include="..\warpmain\pics\GasGiant.png">
      <Filter>Resource Files</Filter>
    </CustomBuild>
    <CustomBuild Include="..\warpmain\pics\Planets\GasGiant.png">
      <Filter>Resource Files</Filter>
    </CustomBuild>
    <CustomBuild Include="..\warpmain\pics\Planets\Glacier.png">
      <Filter>Resource Files</Filter>
    </CustomBuild>
    <CustomBuild Include="..\warpmain\pics\Planets\HotHouse.png">
      <Filter>Resource Files</Filter>
    </CustomBuild>
    <CustomBuild Include="..\warpmain\pics\Planets\Iceball.png">
      <Filter>Resource Files</Filter>
    </CustomBuild>
    <CustomBuild Include="..\warpmain\pics\Marginal.png">
      <Filter>Resource Files</Filter>
    </CustomBuild>
    <CustomBuild Include="..\warpmain\pics\Planets\Marginal.png">
      <Filter>Resource Files</Filter>
    </CustomBuild>
    <CustomBuild Include="..\warpmain\pics\Planets\Rockball.png">
      <Filter>Resource Files</Filter>
    </CustomBuild>
    <CustomBuild Include="..\warpmain\pics\Planets\SmallPlanet.png">
      <Filter>Resource Files</Filter>
    </CustomBuild>
    <CustomBuild Include="..\warpmain\pics\Planets\SuperJovian.png">
      <Filter>Resource Files</Filter>
    </CustomBuild>
    <CustomBuild Include="..\warpmain\pics\Planets\Terrestrial.png">
      <Filter>Resource Files</Filter>
    </CustomBuild>
    <CustomBuild Include="..\warpmain\pics\about_box.jpg">
      <Filter>Resource Files</Filter>
    </CustomBuild>
    <CustomBuild Include="..\warpmain\pics\accessories-calculator.png">
      <Filter>Resource Files</Filter>
    </CustomBuild>
    <CustomBuild Include="..\warpmain\pics\apacheconf.png">
      <Filter>Resource Files</Filter>
    </CustomBuild>
    <CustomBuild Include="..\warpmain\pics\applications-development.png">
      <Filter>Resource Files</Filter>
    </CustomBuild>
    <CustomBuild Include="..\warpmain\aspectlist.aspect">
      <Filter>Resource Files</Filter>
    </CustomBuild>
    <CustomBuild Include="..\warpmain\pics\browser.png">
      <Filter>Resource Files</Filter>
    </CustomBuild>
    <CustomBuild Include="..\warpmain\pics\cancel.png">
      <Filter>Resource Files</Filter>
    </CustomBuild>
    <CustomBuild Include="..\warpmain\pics\delete_all.png">
      <Filter>Resource Files</Filter>
    </CustomBuild>
    <CustomBuild Include="..\warpmain\pics\newicons\diaspora64.png">
      <Filter>Resource Files</Filter>
    </CustomBuild>
    <CustomBuild Include="..\warpmain\pics\document-new.png">
      <Filter>Resource Files</Filter>
    </CustomBuild>
    <CustomBuild Include="..\warpmain\pics\Elementary\document-new.svg">
      <Filter>Resource Files</Filter>
    </CustomBuild>
    <CustomBuild Include="..\warpmain\pics\document-open.png">
      <Filter>Resource Files</Filter>
    </CustomBuild>
    <CustomBuild Include="..\warpmain\pics\document-print.png">
      <Filter>Resource Files</Filter>
    </CustomBuild>
    <CustomBuild Include="..\warpmain\pics\Elementary\document-properties.svg">
      <Filter>Resource Files</Filter>
    </CustomBuild>
    <CustomBuild Include="..\warpmain\pics\document-save.png">
      <Filter>Resource Files</Filter>
    </CustomBuild>
    <CustomBuild Include="..\warpmain\yed\document.tpl">
      <Filter>Resource Files</Filter>
    </CustomBuild>
    <CustomBuild Include="..\warpmain\yed\edge.tpl">
      <Filter>Resource Files</Filter>
    </CustomBuild>
    <CustomBuild Include="..\warpmain\yed\edge2.tpl">
      <Filter>Resource Files</Filter>
    </CustomBuild>
    <CustomBuild Include="..\warpmain\pics\edit-clear.png">
      <Filter>Resource Files</Filter>
    </CustomBuild>
    <CustomBuild Include="..\warpmain\pics\Elementary\edit-clear.svg">
      <Filter>Resource Files</Filter>
    </CustomBuild>
    <CustomBuild Include="..\warpmain\pics\fileopen.png">
      <Filter>Resource Files</Filter>
    </CustomBuild>
    <CustomBuild Include="..\warpmain\pics\filesave.png">
      <Filter>Resource Files</Filter>
    </CustomBuild>
    <CustomBuild Include="..\warpmain\pics\Elementary\folder-drag-accept.svg">
      <Filter>Resource Files</Filter>
    </CustomBuild>
    <CustomBuild Include="..\warpmain\pics\gnome-control-center.png">
      <Filter>Resource Files</Filter>
    </CustomBuild>
    <CustomBuild Include="..\warpmain\pics\gnome-mime-application-msword.png">
      <Filter>Resource Files</Filter>
    </CustomBuild>
    <CustomBuild Include="..\warpmain\pics\gnome-mime-application-pdf.png">
      <Filter>Resource Files</Filter>
    </CustomBuild>
    <CustomBuild Include="..\warpmain\pics\grip_bar.png">
      <Filter>Resource Files</Filter>
    </CustomBuild>
    <CustomBuild Include="..\warpmain\pics\gtk-add.png">
      <Filter>Resource Files</Filter>
    </CustomBuild>
    <CustomBuild Include="..\warpmain\pics\gtk-copy.png">
      <Filter>Resource Files</Filter>
    </CustomBuild>
    <CustomBuild Include="..\warpmain\pics\gtk-cut.png">
      <Filter>Resource Files</Filter>
    </CustomBuild>
    <CustomBuild Include="..\warpmain\pics\gtk-paste.png">
      <Filter>Resource Files</Filter>
    </CustomBuild>
    <CustomBuild Include="..\warpmain\pics\map_icons\hex_all_32.png">
      <Filter>Resource Files</Filter>
    </CustomBuild>
    <CustomBuild Include="..\warpmain\pics\hex_icon.png">
      <Filter>Resource Files</Filter>
    </CustomBuild>
    <CustomBuild Include="..\warpmain\pics\map_icons\hex_reachable_32.png">
      <Filter>Resource Files</Filter>
    </CustomBuild>
    <CustomBuild Include="..\warpmain\pics\map_icons\hex_traderoute_32.png">
      <Filter>Resource Files</Filter>
    </CustomBuild>
    <CustomBuild Include="..\warpmain\pics\html.png">
      <Filter>Resource Files</Filter>
    </CustomBuild>
    <CustomBuild Include="..\warpmain\pics\inkscape.png">
      <Filter>Resource Files</Filter>
    </CustomBuild>
    <CustomBuild Include="..\warpmain\pics\Elementary\internet-web-browser.svg">
      <Filter>Resource Files</Filter>
    </CustomBuild>
    <CustomBuild Include="..\warpmain\pics\ledred.png">
      <Filter>Resource Files</Filter>
    </CustomBuild>
    <CustomBuild Include="..\warpmain\pics\list-remove.png">
      <Filter>Resource Files</Filter>
    </CustomBuild>
    <CustomBuild Include="..\warpmain\pics\main_icon.png">
      <Filter>Resource Files</Filter>
    </CustomBuild>
    <CustomBuild Include="..\warpmain\pics\newicons\mappa_tot_64.png">
      <Filter>Resource Files</Filter>
    </CustomBuild>
    <CustomBuild Include="..\warpmain\pics\map_icons\metro_all_32.png">
      <Filter>Resource Files</Filter>
    </CustomBuild>
    <CustomBuild Include="..\warpmain\pics\map_icons\metro_reachable_32.png">
      <Filter>Resource Files</Filter>
    </CustomBuild>
    <CustomBuild Include="..\warpmain\pics\map_icons\metro_traderoute_32.png">
      <Filter>Resource Files</Filter>
    </CustomBuild>
    <CustomBuild Include="..\warpmain\pics\mozilla_doc.png">
      <Filter>Resource Files</Filter>
    </CustomBuild>
    <CustomBuild Include="..\warpmain\yed\node.tpl">
      <Filter>Resource Files</Filter>
    </CustomBuild>
    <CustomBuild Include="..\warpmain\pics\nopath32.png">
      <Filter>Resource Files</Filter>
    </CustomBuild>
    <CustomBuild Include="..\warpmain\pics\map_icons\normal_all_32.png">
      <Filter>Resource Files</Filter>
    </CustomBuild>
    <CustomBuild Include="..\warpmain\pics\map_icons\normal_reachable_32.png">
      <Filter>Resource Files</Filter>
    </CustomBuild>
    <CustomBuild Include="..\warpmain\pics\map_icons\normal_traderoute_32.png">
      <Filter>Resource Files</Filter>
    </CustomBuild>
    <CustomBuild Include="..\warpmain\pics\optimalpath32.png">
      <Filter>Resource Files</Filter>
    </CustomBuild>
    <CustomBuild Include="..\warpmain\textfiles\places2.txt">
      <Filter>Resource Files</Filter>
    </CustomBuild>
    <CustomBuild Include="..\warpmain\templates\planet.tpl">
      <Filter>Resource Files</Filter>
    </CustomBuild>
    <CustomBuild Include="..\warpmain\pics\printer.png">
      <Filter>Resource Files</Filter>
    </CustomBuild>
    <CustomBuild Include="..\warpmain\pics\reachable_earth.png">
      <Filter>Resource Files</Filter>
    </CustomBuild>
    <CustomBuild Include="..\warpmain\pics\reference.png">
      <Filter>Resource Files</Filter>
    </CustomBuild>
    <CustomBuild Include="..\warpmain\pics\rex_orbiting_horza.jpg">
      <Filter>Resource Files</Filter>
    </CustomBuild>
    <CustomBuild Include="..\warpmain\pics\rotateleft.png">
      <Filter>Resource Files</Filter>
    </CustomBuild>
    <CustomBuild Include="..\warpmain\pics\rotateright.png">
      <Filter>Resource Files</Filter>
    </CustomBuild>
    <CustomBuild Include="..\warpmain\pics\ship03_64.png">
      <Filter>Resource Files</Filter>
    </CustomBuild>
    <CustomBuild Include="..\warpmain\pics\shjp02_64.png">
      <Filter>Resource Files</Filter>
    </CustomBuild>
    <CustomBuild Include="..\warpmain\templates\star.tpl">
      <Filter>Resource Files</Filter>
    </CustomBuild>
    <CustomBuild Include="..\warpmain\pics\starbg.jpg">
      <Filter>Resource Files</Filter>
    </CustomBuild>
    <CustomBuild Include="..\warpmain\pics\system-log-out.png">
      <Filter>Resource Files</Filter>
    </CustomBuild>
    <CustomBuild Include="..\warpmain\templates\test.tpl">
      <Filter>Resource Files</Filter>
    </CustomBuild>
    <CustomBuild Include="..\warpmain\pics\Elementary\text-x-install.svg">
      <Filter>Resource Files</Filter>
    </CustomBuild>
    <CustomBuild Include="..\warpmain\pics\traderoute32.png">
      <Filter>Resource Files</Filter>
    </CustomBuild>
    <CustomBuild Include="..\warpmain\pics\unreachable_earth.png">
      <Filter>Resource Files</Filter>
    </CustomBuild>
    <CustomBuild Include="..\warpmain\warp.preferences">
      <Filter>Resource Files</Filter>
    </CustomBuild>
    <CustomBuild Include="..\warpmain\pics\window_background.png">
      <Filter>Resource Files</Filter>
    </CustomBuild>
    <CustomBuild Include="..\warpmain\pics\xy.png">
      <Filter>Resource Files</Filter>
    </CustomBuild>
    <CustomBuild Include="..\warpmain\pics\xz.png">
      <Filter>Resource Files</Filter>
    </CustomBuild>
    <CustomBuild Include="..\warpmain\pics\yz.png">
      <Filter>Resource Files</Filter>
    </CustomBuild>
    <CustomBuild Include="..\warpmain\pics\zoomin.png">
      <Filter>Resource Files</Filter>
    </CustomBuild>
    <CustomBuild Include="..\warpmain\pics\zoomout.png">
      <Filter>Resource Files</Filter>
    </CustomBuild>
  </ItemGroup>
  <ItemGroup>
    <ClCompile Include="debug\moc_clusteritemeditor.cpp">
      <Filter>Generated Files</Filter>
    </ClCompile>
    <ClCompile Include="release\moc_clusteritemeditor.cpp">
      <Filter>Generated Files</Filter>
    </ClCompile>
    <ClCompile Include="debug\moc_clusteritemreachmodel.cpp">
      <Filter>Generated Files</Filter>
    </ClCompile>
    <ClCompile Include="release\moc_clusteritemreachmodel.cpp">
      <Filter>Generated Files</Filter>
    </ClCompile>
    <ClCompile Include="debug\moc_diasporaclusterdialog.cpp">
      <Filter>Generated Files</Filter>
    </ClCompile>
    <ClCompile Include="release\moc_diasporaclusterdialog.cpp">
      <Filter>Generated Files</Filter>
    </ClCompile>
    <ClCompile Include="debug\moc_diasporaclusterscene.cpp">
      <Filter>Generated Files</Filter>
    </ClCompile>
    <ClCompile Include="release\moc_diasporaclusterscene.cpp">
      <Filter>Generated Files</Filter>
    </ClCompile>
    <ClCompile Include="debug\qrc_Resources.cpp">
      <Filter>Generated Files</Filter>
    </ClCompile>
    <ClCompile Include="release\qrc_Resources.cpp">
      <Filter>Generated Files</Filter>
    </ClCompile>
  </ItemGroup>
  <ItemGroup>
    <CustomBuild Include="clusteritemeditor.ui">
      <Filter>Form Files</Filter>
    </CustomBuild>
    <CustomBuild Include="diasporaclusterdialog.ui">
      <Filter>Form Files</Filter>
    </CustomBuild>
    <CustomBuild Include="Package.appxmanifest" />
    <CustomBuild Include="ui_clusteritemeditor.h">
      <Filter>Generated Files</Filter>
    </CustomBuild>
    <CustomBuild Include="ui_diasporaclusterdialog.h">
      <Filter>Generated Files</Filter>
    </CustomBuild>
    <CustomBuild Include="cluster\aspect.h">
      <Filter>Header Files</Filter>
    </CustomBuild>
    <CustomBuild Include="cluster\aspectgraphicsitem.h">
      <Filter>Header Files</Filter>
    </CustomBuild>
    <CustomBuild Include="cluster\aspectlist.h">
      <Filter>Header Files</Filter>
    </CustomBuild>
    <CustomBuild Include="cluster\cluster.h">
      <Filter>Header Files</Filter>
    </CustomBuild>
    <CustomBuild Include="clusterhtmlexporter.h">
      <Filter>Header Files</Filter>
    </CustomBuild>
  </ItemGroup>
  <ItemGroup>
    <CustomBuild Include="..\warpmain\Resources.qrc">
      <Filter>Resource Files</Filter>
    </CustomBuild>
  </ItemGroup>
</Project>