<?xml version="1.0" encoding="utf-8"?>
<Project ToolsVersion="4.0" xmlns="http://schemas.microsoft.com/developer/msbuild/2003">
  <ItemGroup>
    <Filter Include="Form Files">
      <UniqueIdentifier>{99349809-55BA-4b9d-BF79-8FDBB0286EB3}</UniqueIdentifier>
      <Extensions>ui</Extensions>
      <ParseFiles>false</ParseFiles>
    </Filter>
    <Filter Include="Form Files">
      <UniqueIdentifier>{99349809-55BA-4b9d-BF79-8FDBB0286EB3}</UniqueIdentifier>
      <Extensions>ui</Extensions>
      <ParseFiles>false</ParseFiles>
    </Filter>
    <Filter Include="Generated Files">
      <UniqueIdentifier>{71ED8ED8-ACB9-4CE9-BBE1-E00B30144E11}</UniqueIdentifier>
      <Extensions>cpp;c;cxx;moc;h;def;odl;idl;res;</Extensions>
    </Filter>
    <Filter Include="Generated Files">
      <UniqueIdentifier>{71ED8ED8-ACB9-4CE9-BBE1-E00B30144E11}</UniqueIdentifier>
      <Extensions>cpp;c;cxx;moc;h;def;odl;idl;res;</Extensions>
    </Filter>
    <Filter Include="Header Files">
      <UniqueIdentifier>{93995380-89BD-4b04-88EB-625FBE52EBFB}</UniqueIdentifier>
      <Extensions>h;hpp;hxx;hm;inl;inc;xsd</Extensions>
    </Filter>
    <Filter Include="Header Files">
      <UniqueIdentifier>{93995380-89BD-4b04-88EB-625FBE52EBFB}</UniqueIdentifier>
      <Extensions>h;hpp;hxx;hm;inl;inc;xsd</Extensions>
    </Filter>
    <Filter Include="Resource Files">
      <UniqueIdentifier>{D9D6E242-F8AF-46E4-B9FD-80ECBC20BA3E}</UniqueIdentifier>
      <Extensions>qrc;*</Extensions>
      <ParseFiles>false</ParseFiles>
    </Filter>
    <Filter Include="Resource Files">
      <UniqueIdentifier>{D9D6E242-F8AF-46E4-B9FD-80ECBC20BA3E}</UniqueIdentifier>
      <Extensions>qrc;*</Extensions>
      <ParseFiles>false</ParseFiles>
    </Filter>
    <Filter Include="Source Files">
      <UniqueIdentifier>{4FC737F1-C7A5-4376-A066-2A32D752A2FF}</UniqueIdentifier>
      <Extensions>cpp;c;cxx;def;odl;idl;hpj;bat;asm;asmx</Extensions>
    </Filter>
    <Filter Include="Source Files">
      <UniqueIdentifier>{4FC737F1-C7A5-4376-A066-2A32D752A2FF}</UniqueIdentifier>
      <Extensions>cpp;c;cxx;def;odl;idl;hpj;bat;asm;asmx</Extensions>
    </Filter>
  </ItemGroup>
  <ItemGroup>
    <ClCompile Include="apppaths.cpp">
      <Filter>Source Files</Filter>
    </ClCompile>
    <ClCompile Include="createmoduledescriptorjson.cpp">
      <Filter>Source Files</Filter>
    </ClCompile>
    <ClCompile Include="gradienthelper.cpp">
      <Filter>Source Files</Filter>
    </ClCompile>
    <ClCompile Include="heightmapbuilderdialog.cpp">
      <Filter>Source Files</Filter>
    </ClCompile>
    <ClCompile Include="heightmapbuilderwidget.cpp">
      <Filter>Source Files</Filter>
    </ClCompile>
    <ClCompile Include="main.cpp">
      <Filter>Source Files</Filter>
    </ClCompile>
    <ClCompile Include="mainwindow.cpp">
      <Filter>Source Files</Filter>
    </ClCompile>
    <ClCompile Include="qmoduledescdialog.cpp">
      <Filter>Source Files</Filter>
    </ClCompile>
    <ClCompile Include="qmoduledescwidget.cpp">
      <Filter>Source Files</Filter>
    </ClCompile>
    <ClCompile Include="qrendererdescwidget.cpp">
      <Filter>Source Files</Filter>
    </ClCompile>
    <ClCompile Include="QtGradientEditor\qtcolorbutton.cpp">
      <Filter>Source Files</Filter>
    </ClCompile>
    <ClCompile Include="QtGradientEditor\qtcolorline.cpp">
      <Filter>Source Files</Filter>
    </ClCompile>
    <ClCompile Include="QtGradientEditor\qtgradientdialog.cpp">
      <Filter>Source Files</Filter>
    </ClCompile>
    <ClCompile Include="QtGradientEditor\qtgradienteditor.cpp">
      <Filter>Source Files</Filter>
    </ClCompile>
    <ClCompile Include="QtGradientEditor\qtgradientmanager.cpp">
      <Filter>Source Files</Filter>
    </ClCompile>
    <ClCompile Include="QtGradientEditor\qtgradientstopscontroller.cpp">
      <Filter>Source Files</Filter>
    </ClCompile>
    <ClCompile Include="QtGradientEditor\qtgradientstopsmodel.cpp">
      <Filter>Source Files</Filter>
    </ClCompile>
    <ClCompile Include="QtGradientEditor\qtgradientstopswidget.cpp">
      <Filter>Source Files</Filter>
    </ClCompile>
    <ClCompile Include="QtGradientEditor\qtgradientutils.cpp">
      <Filter>Source Files</Filter>
    </ClCompile>
    <ClCompile Include="QtGradientEditor\qtgradientview.cpp">
      <Filter>Source Files</Filter>
    </ClCompile>
    <ClCompile Include="QtGradientEditor\qtgradientviewdialog.cpp">
      <Filter>Source Files</Filter>
    </ClCompile>
    <ClCompile Include="QtGradientEditor\qtgradientwidget.cpp">
      <Filter>Source Files</Filter>
    </ClCompile>
    <ClCompile Include="rendererdescdialog.cpp">
      <Filter>Source Files</Filter>
    </ClCompile>
    <ClCompile Include="texturebuilderdialog.cpp">
      <Filter>Source Files</Filter>
    </ClCompile>
    <ClCompile Include="texturebuilderexplorer.cpp">
      <Filter>Source Files</Filter>
    </ClCompile>
    <ClCompile Include="texturebuilderwidget.cpp">
      <Filter>Source Files</Filter>
    </ClCompile>
    <ClCompile Include="viewingdialog.cpp">
      <Filter>Source Files</Filter>
    </ClCompile>
  </ItemGroup>
  <ItemGroup>
    <ClInclude Include="apppaths.h">
      <Filter>Header Files</Filter>
    </ClInclude>
    <CustomBuild Include="createmoduledescriptorjson.h">
      <Filter>Header Files</Filter>
    </CustomBuild>
    <ClInclude Include="gradienthelper.h">
      <Filter>Header Files</Filter>
    </ClInclude>
    <CustomBuild Include="heightmapbuilderdialog.h">
      <Filter>Header Files</Filter>
    </CustomBuild>
    <CustomBuild Include="heightmapbuilderwidget.h">
      <Filter>Header Files</Filter>
    </CustomBuild>
    <CustomBuild Include="mainwindow.h">
      <Filter>Header Files</Filter>
    </CustomBuild>
    <CustomBuild Include="qmoduledescdialog.h">
      <Filter>Header Files</Filter>
    </CustomBuild>
    <CustomBuild Include="qmoduledescwidget.h">
      <Filter>Header Files</Filter>
    </CustomBuild>
    <CustomBuild Include="qrendererdescwidget.h">
      <Filter>Header Files</Filter>
    </CustomBuild>
    <CustomBuild Include="QtGradientEditor\qtcolorbutton.h">
      <Filter>Header Files</Filter>
    </CustomBuild>
    <CustomBuild Include="QtGradientEditor\qtcolorline.h">
      <Filter>Header Files</Filter>
    </CustomBuild>
    <CustomBuild Include="QtGradientEditor\qtgradientdialog.h">
      <Filter>Header Files</Filter>
    </CustomBuild>
    <CustomBuild Include="QtGradientEditor\qtgradienteditor.h">
      <Filter>Header Files</Filter>
    </CustomBuild>
    <CustomBuild Include="QtGradientEditor\qtgradientmanager.h">
      <Filter>Header Files</Filter>
    </CustomBuild>
    <CustomBuild Include="QtGradientEditor\qtgradientstopscontroller.h">
      <Filter>Header Files</Filter>
    </CustomBuild>
    <CustomBuild Include="QtGradientEditor\qtgradientstopsmodel.h">
      <Filter>Header Files</Filter>
    </CustomBuild>
    <CustomBuild Include="QtGradientEditor\qtgradientstopswidget.h">
      <Filter>Header Files</Filter>
    </CustomBuild>
    <ClInclude Include="QtGradientEditor\qtgradientutils.h">
      <Filter>Header Files</Filter>
    </ClInclude>
    <CustomBuild Include="QtGradientEditor\qtgradientview.h">
      <Filter>Header Files</Filter>
    </CustomBuild>
    <CustomBuild Include="QtGradientEditor\qtgradientviewdialog.h">
      <Filter>Header Files</Filter>
    </CustomBuild>
    <CustomBuild Include="QtGradientEditor\qtgradientwidget.h">
      <Filter>Header Files</Filter>
    </CustomBuild>
    <CustomBuild Include="rendererdescdialog.h">
      <Filter>Header Files</Filter>
    </CustomBuild>
    <CustomBuild Include="texturebuilderdialog.h">
      <Filter>Header Files</Filter>
    </CustomBuild>
    <CustomBuild Include="texturebuilderexplorer.h">
      <Filter>Header Files</Filter>
    </CustomBuild>
    <CustomBuild Include="texturebuilderwidget.h">
      <Filter>Header Files</Filter>
    </CustomBuild>
    <CustomBuild Include="viewingdialog.h">
      <Filter>Header Files</Filter>
    </CustomBuild>
  </ItemGroup>
  <ItemGroup>
    <ClCompile Include="debug\moc_createmoduledescriptorjson.cpp">
      <Filter>Generated Files</Filter>
    </ClCompile>
    <ClCompile Include="release\moc_createmoduledescriptorjson.cpp">
      <Filter>Generated Files</Filter>
    </ClCompile>
    <ClCompile Include="debug\moc_heightmapbuilderdialog.cpp">
      <Filter>Generated Files</Filter>
    </ClCompile>
    <ClCompile Include="release\moc_heightmapbuilderdialog.cpp">
      <Filter>Generated Files</Filter>
    </ClCompile>
    <ClCompile Include="debug\moc_heightmapbuilderwidget.cpp">
      <Filter>Generated Files</Filter>
    </ClCompile>
    <ClCompile Include="release\moc_heightmapbuilderwidget.cpp">
      <Filter>Generated Files</Filter>
    </ClCompile>
    <ClCompile Include="debug\moc_mainwindow.cpp">
      <Filter>Generated Files</Filter>
    </ClCompile>
    <ClCompile Include="release\moc_mainwindow.cpp">
      <Filter>Generated Files</Filter>
    </ClCompile>
    <ClCompile Include="debug\moc_qmoduledescdialog.cpp">
      <Filter>Generated Files</Filter>
    </ClCompile>
    <ClCompile Include="release\moc_qmoduledescdialog.cpp">
      <Filter>Generated Files</Filter>
    </ClCompile>
    <ClCompile Include="debug\moc_qmoduledescwidget.cpp">
      <Filter>Generated Files</Filter>
    </ClCompile>
    <ClCompile Include="release\moc_qmoduledescwidget.cpp">
      <Filter>Generated Files</Filter>
    </ClCompile>
    <ClCompile Include="debug\moc_qrendererdescwidget.cpp">
      <Filter>Generated Files</Filter>
    </ClCompile>
    <ClCompile Include="release\moc_qrendererdescwidget.cpp">
      <Filter>Generated Files</Filter>
    </ClCompile>
    <ClCompile Include="debug\moc_qtcolorline.cpp">
      <Filter>Generated Files</Filter>
    </ClCompile>
    <ClCompile Include="release\moc_qtcolorline.cpp">
      <Filter>Generated Files</Filter>
    </ClCompile>
    <ClCompile Include="debug\moc_qtgradientmanager.cpp">
      <Filter>Generated Files</Filter>
    </ClCompile>
    <ClCompile Include="release\moc_qtgradientmanager.cpp">
      <Filter>Generated Files</Filter>
    </ClCompile>
    <ClCompile Include="debug\moc_qtgradientstopsmodel.cpp">
      <Filter>Generated Files</Filter>
    </ClCompile>
    <ClCompile Include="release\moc_qtgradientstopsmodel.cpp">
      <Filter>Generated Files</Filter>
    </ClCompile>
    <ClCompile Include="debug\moc_qtgradientview.cpp">
      <Filter>Generated Files</Filter>
    </ClCompile>
    <ClCompile Include="release\moc_qtgradientview.cpp">
      <Filter>Generated Files</Filter>
    </ClCompile>
    <ClCompile Include="debug\moc_qtgradientviewdialog.cpp">
      <Filter>Generated Files</Filter>
    </ClCompile>
    <ClCompile Include="release\moc_qtgradientviewdialog.cpp">
      <Filter>Generated Files</Filter>
    </ClCompile>
    <ClCompile Include="debug\moc_qtgradientwidget.cpp">
      <Filter>Generated Files</Filter>
    </ClCompile>
    <ClCompile Include="release\moc_qtgradientwidget.cpp">
      <Filter>Generated Files</Filter>
    </ClCompile>
    <ClCompile Include="debug\moc_rendererdescdialog.cpp">
      <Filter>Generated Files</Filter>
    </ClCompile>
    <ClCompile Include="release\moc_rendererdescdialog.cpp">
      <Filter>Generated Files</Filter>
    </ClCompile>
    <ClCompile Include="debug\moc_texturebuilderdialog.cpp">
      <Filter>Generated Files</Filter>
    </ClCompile>
    <ClCompile Include="release\moc_texturebuilderdialog.cpp">
      <Filter>Generated Files</Filter>
    </ClCompile>
    <ClCompile Include="debug\moc_texturebuilderexplorer.cpp">
      <Filter>Generated Files</Filter>
    </ClCompile>
    <ClCompile Include="release\moc_texturebuilderexplorer.cpp">
      <Filter>Generated Files</Filter>
    </ClCompile>
    <ClCompile Include="debug\moc_texturebuilderwidget.cpp">
      <Filter>Generated Files</Filter>
    </ClCompile>
    <ClCompile Include="release\moc_texturebuilderwidget.cpp">
      <Filter>Generated Files</Filter>
    </ClCompile>
    <ClCompile Include="debug\moc_viewingdialog.cpp">
      <Filter>Generated Files</Filter>
    </ClCompile>
    <ClCompile Include="release\moc_viewingdialog.cpp">
      <Filter>Generated Files</Filter>
    </ClCompile>
    <ClCompile Include="debug\qrc_qtgradienteditor.cpp">
      <Filter>Generated Files</Filter>
    </ClCompile>
    <ClCompile Include="release\qrc_qtgradienteditor.cpp">
      <Filter>Generated Files</Filter>
    </ClCompile>
    <ClCompile Include="debug\qrc_resources.cpp">
      <Filter>Generated Files</Filter>
    </ClCompile>
    <ClCompile Include="release\qrc_resources.cpp">
      <Filter>Generated Files</Filter>
    </ClCompile>
    <ClInclude Include="ui_createmoduledescriptorjson.h">
      <Filter>Generated Files</Filter>
    </ClInclude>
    <ClInclude Include="ui_heightmapbuilderdialog.h">
      <Filter>Generated Files</Filter>
    </ClInclude>
    <ClInclude Include="ui_mainwindow.h">
      <Filter>Generated Files</Filter>
    </ClInclude>
    <ClInclude Include="ui_qtgradientdialog.h">
      <Filter>Generated Files</Filter>
    </ClInclude>
    <ClInclude Include="ui_qtgradienteditor.h">
      <Filter>Generated Files</Filter>
    </ClInclude>
    <ClInclude Include="ui_qtgradientview.h">
      <Filter>Generated Files</Filter>
    </ClInclude>
    <ClInclude Include="ui_qtgradientviewdialog.h">
      <Filter>Generated Files</Filter>
    </ClInclude>
    <ClInclude Include="ui_viewingdialog.h">
      <Filter>Generated Files</Filter>
    </ClInclude>
  </ItemGroup>
  <ItemGroup>
    <CustomBuild Include="createmoduledescriptorjson.ui">
      <Filter>Form Files</Filter>
    </CustomBuild>
    <CustomBuild Include="heightmapbuilderdialog.ui">
      <Filter>Form Files</Filter>
    </CustomBuild>
    <CustomBuild Include="mainwindow.ui">
      <Filter>Form Files</Filter>
    </CustomBuild>
    <CustomBuild Include="QtGradientEditor\qtgradientdialog.ui">
      <Filter>Form Files</Filter>
    </CustomBuild>
    <CustomBuild Include="QtGradientEditor\qtgradienteditor.ui">
      <Filter>Form Files</Filter>
    </CustomBuild>
    <CustomBuild Include="QtGradientEditor\qtgradientview.ui">
      <Filter>Form Files</Filter>
    </CustomBuild>
    <CustomBuild Include="QtGradientEditor\qtgradientviewdialog.ui">
      <Filter>Form Files</Filter>
    </CustomBuild>
    <CustomBuild Include="viewingdialog.ui">
      <Filter>Form Files</Filter>
    </CustomBuild>
  </ItemGroup>
  <ItemGroup>
    <None Include="..\warpmain\pics\AllTradeRoutes32.png">
      <Filter>Resource Files</Filter>
    </None>
    <None Include="..\warpmain\pics\GasGiant.png">
      <Filter>Resource Files</Filter>
    </None>
    <None Include="..\warpmain\pics\Marginal.png">
      <Filter>Resource Files</Filter>
    </None>
    <None Include="..\warpmain\pics\accessories-calculator.png">
      <Filter>Resource Files</Filter>
    </None>
    <None Include="..\warpmain\pics\apacheconf.png">
      <Filter>Resource Files</Filter>
    </None>
    <None Include="..\warpmain\pics\applications-development.png">
      <Filter>Resource Files</Filter>
    </None>
    <None Include="..\warpmain\pics\browser.png">
      <Filter>Resource Files</Filter>
    </None>
    <None Include="..\warpmain\pics\cancel.png">
      <Filter>Resource Files</Filter>
    </None>
    <None Include="..\warpmain\pics\delete_all.png">
      <Filter>Resource Files</Filter>
    </None>
    <None Include="..\warpmain\pics\document-new.png">
      <Filter>Resource Files</Filter>
    </None>
    <None Include="..\warpmain\pics\Elementary\document-new.svg">
      <Filter>Resource Files</Filter>
    </None>
    <None Include="..\warpmain\pics\document-open.png">
      <Filter>Resource Files</Filter>
    </None>
    <None Include="..\warpmain\pics\document-print.png">
      <Filter>Resource Files</Filter>
    </None>
    <None Include="..\warpmain\pics\Elementary\document-properties.svg">
      <Filter>Resource Files</Filter>
    </None>
    <None Include="..\warpmain\pics\document-save.png">
      <Filter>Resource Files</Filter>
    </None>
    <None Include="QtGradientEditor\images\down.png">
      <Filter>Resource Files</Filter>
    </None>
    <None Include="..\warpmain\pics\edit-clear.png">
      <Filter>Resource Files</Filter>
    </None>
    <None Include="..\warpmain\pics\Elementary\edit-clear.svg">
      <Filter>Resource Files</Filter>
    </None>
    <None Include="QtGradientEditor\images\edit.png">
      <Filter>Resource Files</Filter>
    </None>
    <None Include="QtGradientEditor\images\editdelete.png">
      <Filter>Resource Files</Filter>
    </None>
    <None Include="..\warpmain\pics\filenew.png">
      <Filter>Resource Files</Filter>
    </None>
    <None Include="..\warpmain\pics\fileopen.png">
      <Filter>Resource Files</Filter>
    </None>
    <None Include="..\warpmain\pics\fileprint.png">
      <Filter>Resource Files</Filter>
    </None>
    <None Include="..\warpmain\pics\filesave.png">
      <Filter>Resource Files</Filter>
    </None>
    <None Include="..\warpmain\pics\Elementary\folder-drag-accept.svg">
      <Filter>Resource Files</Filter>
    </None>
    <None Include="..\warpmain\pics\gnome-control-center.png">
      <Filter>Resource Files</Filter>
    </None>
    <None Include="..\warpmain\pics\gnome-mime-application-msword.png">
      <Filter>Resource Files</Filter>
    </None>
    <None Include="..\warpmain\pics\gnome-mime-application-pdf.png">
      <Filter>Resource Files</Filter>
    </None>
    <None Include="..\warpmain\pics\grip_bar.png">
      <Filter>Resource Files</Filter>
    </None>
    <None Include="..\warpmain\pics\gtk-add.png">
      <Filter>Resource Files</Filter>
    </None>
    <None Include="..\warpmain\pics\gtk-copy.png">
      <Filter>Resource Files</Filter>
    </None>
    <None Include="..\warpmain\pics\gtk-cut.png">
      <Filter>Resource Files</Filter>
    </None>
    <None Include="..\warpmain\pics\gtk-paste.png">
      <Filter>Resource Files</Filter>
    </None>
    <None Include="..\warpmain\pics\hex-icon.png">
      <Filter>Resource Files</Filter>
    </None>
    <None Include="..\warpmain\pics\hex_icon.png">
      <Filter>Resource Files</Filter>
    </None>
    <None Include="..\warpmain\pics\html.png">
      <Filter>Resource Files</Filter>
    </None>
    <None Include="..\warpmain\pics\inkscape.png">
      <Filter>Resource Files</Filter>
    </None>
    <None Include="..\warpmain\pics\Elementary\internet-web-browser.svg">
      <Filter>Resource Files</Filter>
    </None>
    <None Include="..\warpmain\pics\Elementary\jstexture-new-heightmap-builder.svg">
      <Filter>Resource Files</Filter>
    </None>
    <None Include="..\warpmain\pics\Elementary\jstexture-new-heightmap.svg">
      <Filter>Resource Files</Filter>
    </None>
    <None Include="..\warpmain\pics\Elementary\jstexture-new-image.svg">
      <Filter>Resource Files</Filter>
    </None>
    <None Include="..\warpmain\pics\Elementary\jstexture-new-module.svg">
      <Filter>Resource Files</Filter>
    </None>
    <None Include="..\warpmain\pics\Elementary\jstexture-new-renderer.svg">
      <Filter>Resource Files</Filter>
    </None>
    <None Include="..\warpmain\pics\ledred.png">
      <Filter>Resource Files</Filter>
    </None>
    <None Include="..\warpmain\pics\list-remove.png">
      <Filter>Resource Files</Filter>
    </None>
    <None Include="..\warpmain\pics\main_icon.png">
      <Filter>Resource Files</Filter>
    </None>
    <None Include="QtGradientEditor\images\minus.png">
      <Filter>Resource Files</Filter>
    </None>
    <None Include="..\warpmain\pics\mozilla_doc.png">
      <Filter>Resource Files</Filter>
    </None>
    <None Include="..\warpmain\pics\nopath32.png">
      <Filter>Resource Files</Filter>
    </None>
    <None Include="..\warpmain\pics\optimalpath32.png">
      <Filter>Resource Files</Filter>
    </None>
    <None Include="QtGradientEditor\images\plus.png">
      <Filter>Resource Files</Filter>
    </None>
    <None Include="..\warpmain\pics\printer.png">
      <Filter>Resource Files</Filter>
    </None>
    <CustomBuild Include="QtGradientEditor\qtgradienteditor.qrc">
      <Filter>Resource Files</Filter>
    </CustomBuild>
    <None Include="..\warpmain\pics\reachable_earth.png">
      <Filter>Resource Files</Filter>
    </None>
    <None Include="..\warpmain\pics\reference.png">
      <Filter>Resource Files</Filter>
    </None>
    <CustomBuild Include="resources.qrc">
      <Filter>Resource Files</Filter>
    </CustomBuild>
    <None Include="..\warpmain\pics\rex_orbiting_horza.jpg">
      <Filter>Resource Files</Filter>
    </None>
    <None Include="..\warpmain\pics\rotateleft.png">
      <Filter>Resource Files</Filter>
    </None>
    <None Include="..\warpmain\pics\rotateright.png">
      <Filter>Resource Files</Filter>
    </None>
    <None Include="..\warpmain\pics\ship03_64.png">
      <Filter>Resource Files</Filter>
    </None>
    <None Include="..\warpmain\pics\shjp02_128.png">
      <Filter>Resource Files</Filter>
    </None>
    <None Include="..\warpmain\pics\shjp02_256.ico">
      <Filter>Resource Files</Filter>
    </None>
    <None Include="..\warpmain\pics\shjp02_32.ico">
      <Filter>Resource Files</Filter>
    </None>
    <None Include="..\warpmain\pics\shjp02_32.png">
      <Filter>Resource Files</Filter>
    </None>
    <None Include="..\warpmain\pics\shjp02_64.png">
      <Filter>Resource Files</Filter>
    </None>
    <None Include="QtGradientEditor\images\spreadpad.png">
      <Filter>Resource Files</Filter>
    </None>
    <None Include="QtGradientEditor\images\spreadreflect.png">
      <Filter>Resource Files</Filter>
    </None>
    <None Include="QtGradientEditor\images\spreadrepeat.png">
      <Filter>Resource Files</Filter>
    </None>
    <None Include="..\warpmain\pics\starbg.jpg">
      <Filter>Resource Files</Filter>
    </None>
    <None Include="..\warpmain\pics\system-log-out.png">
      <Filter>Resource Files</Filter>
    </None>
    <None Include="..\warpmain\pics\Elementary\text-x-install.svg">
      <Filter>Resource Files</Filter>
    </None>
    <None Include="..\warpmain\pics\traderoute32.png">
      <Filter>Resource Files</Filter>
    </None>
    <None Include="QtGradientEditor\images\typeconical.png">
      <Filter>Resource Files</Filter>
    </None>
    <None Include="QtGradientEditor\images\typelinear.png">
      <Filter>Resource Files</Filter>
    </None>
    <None Include="QtGradientEditor\images\typeradial.png">
      <Filter>Resource Files</Filter>
    </None>
    <None Include="..\warpmain\pics\unreachable_earth.png">
      <Filter>Resource Files</Filter>
    </None>
    <None Include="QtGradientEditor\images\up.png">
      <Filter>Resource Files</Filter>
    </None>
    <None Include="..\warpmain\pics\Elementary\web-browser.png">
      <Filter>Resource Files</Filter>
    </None>
    <None Include="..\warpmain\pics\window_background.png">
      <Filter>Resource Files</Filter>
    </None>
    <None Include="..\warpmain\pics\xy.png">
      <Filter>Resource Files</Filter>
    </None>
    <None Include="..\warpmain\pics\xz.png">
      <Filter>Resource Files</Filter>
    </None>
    <None Include="..\warpmain\pics\yz.png">
      <Filter>Resource Files</Filter>
    </None>
    <None Include="..\warpmain\pics\zoomin.png">
      <Filter>Resource Files</Filter>
    </None>
    <None Include="QtGradientEditor\images\zoomin.png">
      <Filter>Resource Files</Filter>
    </None>
    <None Include="..\warpmain\pics\zoomout.png">
      <Filter>Resource Files</Filter>
    </None>
    <None Include="QtGradientEditor\images\zoomout.png">
      <Filter>Resource Files</Filter>
    </None>
  </ItemGroup>
</Project>