<?xml version="1.0" encoding="utf-8"?>
<Project ToolsVersion="4.0" xmlns="http://schemas.microsoft.com/developer/msbuild/2003">
  <ItemGroup>
    <Filter Include="Generated Files">
      <UniqueIdentifier>{71ED8ED8-ACB9-4CE9-BBE1-E00B30144E11}</UniqueIdentifier>
      <Extensions>cpp;c;cxx;moc;h;def;odl;idl;res;</Extensions>
    </Filter>
    <Filter Include="Generated Files">
      <UniqueIdentifier>{71ED8ED8-ACB9-4CE9-BBE1-E00B30144E11}</UniqueIdentifier>
      <Extensions>cpp;c;cxx;moc;h;def;odl;idl;res;</Extensions>
    </Filter>
    <Filter Include="Header Files">
      <UniqueIdentifier>{93995380-89BD-4b04-88EB-625FBE52EBFB}</UniqueIdentifier>
      <Extensions>h;hpp;hxx;hm;inl;inc;xsd</Extensions>
    </Filter>
    <Filter Include="Header Files">
      <UniqueIdentifier>{93995380-89BD-4b04-88EB-625FBE52EBFB}</UniqueIdentifier>
      <Extensions>h;hpp;hxx;hm;inl;inc;xsd</Extensions>
    </Filter>
    <Filter Include="Source Files">
      <UniqueIdentifier>{4FC737F1-C7A5-4376-A066-2A32D752A2FF}</UniqueIdentifier>
      <Extensions>cpp;c;cxx;def;odl;idl;hpj;bat;asm;asmx</Extensions>
    </Filter>
    <Filter Include="Source Files">
      <UniqueIdentifier>{4FC737F1-C7A5-4376-A066-2A32D752A2FF}</UniqueIdentifier>
      <Extensions>cpp;c;cxx;def;odl;idl;hpj;bat;asm;asmx</Extensions>
    </Filter>
  </ItemGroup>
  <ItemGroup>
    <ClCompile Include="planetmaps\abstractmap.cpp">
      <Filter>Source Files</Filter>
    </ClCompile>
    <ClCompile Include="planetmaps\alienpeaks.cpp">
      <Filter>Source Files</Filter>
    </ClCompile>
    <ClCompile Include="planetmaps\cloudy.cpp">
      <Filter>Source Files</Filter>
    </ClCompile>
    <ClCompile Include="planetmaps\desert.cpp">
      <Filter>Source Files</Filter>
    </ClCompile>
    <ClCompile Include="planetmaps\desertg.cpp">
      <Filter>Source Files</Filter>
    </ClCompile>
    <ClCompile Include="planetmaps\Clouds\earthclouds.cpp">
      <Filter>Source Files</Filter>
    </ClCompile>
    <ClCompile Include="planetmaps\earthlike.cpp">
      <Filter>Source Files</Filter>
    </ClCompile>
    <ClCompile Include="planetmaps\earthlike2.cpp">
      <Filter>Source Files</Filter>
    </ClCompile>
    <ClCompile Include="planetmaps\earthlike3.cpp">
      <Filter>Source Files</Filter>
    </ClCompile>
    <ClCompile Include="planetmaps\earthlikepeaks.cpp">
      <Filter>Source Files</Filter>
    </ClCompile>
    <ClCompile Include="planetmaps\Clouds\funkyclouds.cpp">
      <Filter>Source Files</Filter>
    </ClCompile>
    <ClCompile Include="planetmaps\gasgiant.cpp">
      <Filter>Source Files</Filter>
    </ClCompile>
    <ClCompile Include="planetmaps\gg2.cpp">
      <Filter>Source Files</Filter>
    </ClCompile>
    <ClCompile Include="planetmaps\granite.cpp">
      <Filter>Source Files</Filter>
    </ClCompile>
    <ClCompile Include="texturebuilder\heightmapdescriptor.cpp">
      <Filter>Source Files</Filter>
    </ClCompile>
    <ClCompile Include="planetmaps\ice.cpp">
      <Filter>Source Files</Filter>
    </ClCompile>
    <ClCompile Include="texturebuilder\imagedescriptor.cpp">
      <Filter>Source Files</Filter>
    </ClCompile>
    <ClCompile Include="planetmaps\jade.cpp">
      <Filter>Source Files</Filter>
    </ClCompile>
    <ClCompile Include="planetmaps\jade2.cpp">
      <Filter>Source Files</Filter>
    </ClCompile>
    <ClCompile Include="libnoisehelpers.cpp">
      <Filter>Source Files</Filter>
    </ClCompile>
    <ClCompile Include="texturebuilder\moduledescriptor.cpp">
      <Filter>Source Files</Filter>
    </ClCompile>
    <ClCompile Include="noiseimageutils.cpp">
      <Filter>Source Files</Filter>
    </ClCompile>
    <ClCompile Include="texturebuilder\noisemapbuilderdescriptor.cpp">
      <Filter>Source Files</Filter>
    </ClCompile>
    <ClCompile Include="texturebuilder\rendererdescriptor.cpp">
      <Filter>Source Files</Filter>
    </ClCompile>
    <ClCompile Include="texturebuilder\texturebuilder.cpp">
      <Filter>Source Files</Filter>
    </ClCompile>
  </ItemGroup>
  <ItemGroup>
    <CustomBuild Include="planetmaps\abstractmap.h">
      <Filter>Header Files</Filter>
    </CustomBuild>
    <CustomBuild Include="planetmaps\alienpeaks.h">
      <Filter>Header Files</Filter>
    </CustomBuild>
    <CustomBuild Include="planetmaps\cloudy.h">
      <Filter>Header Files</Filter>
    </CustomBuild>
    <CustomBuild Include="planetmaps\desert.h">
      <Filter>Header Files</Filter>
    </CustomBuild>
    <CustomBuild Include="planetmaps\desertg.h">
      <Filter>Header Files</Filter>
    </CustomBuild>
    <ClInclude Include="planetmaps\Clouds\earthclouds.h">
      <Filter>Header Files</Filter>
    </ClInclude>
    <CustomBuild Include="planetmaps\earthlike.h">
      <Filter>Header Files</Filter>
    </CustomBuild>
    <ClInclude Include="planetmaps\earthlike2.h">
      <Filter>Header Files</Filter>
    </ClInclude>
    <CustomBuild Include="planetmaps\earthlike3.h">
      <Filter>Header Files</Filter>
    </CustomBuild>
    <CustomBuild Include="planetmaps\earthlikepeaks.h">
      <Filter>Header Files</Filter>
    </CustomBuild>
    <ClInclude Include="planetmaps\Clouds\funkyclouds.h">
      <Filter>Header Files</Filter>
    </ClInclude>
    <CustomBuild Include="planetmaps\gasgiant.h">
      <Filter>Header Files</Filter>
    </CustomBuild>
    <CustomBuild Include="planetmaps\gg2.h">
      <Filter>Header Files</Filter>
    </CustomBuild>
    <CustomBuild Include="planetmaps\granite.h">
      <Filter>Header Files</Filter>
    </CustomBuild>
    <CustomBuild Include="texturebuilder\heightmapdescriptor.h">
      <Filter>Header Files</Filter>
    </CustomBuild>
    <CustomBuild Include="planetmaps\ice.h">
      <Filter>Header Files</Filter>
    </CustomBuild>
    <CustomBuild Include="texturebuilder\imagedescriptor.h">
      <Filter>Header Files</Filter>
    </CustomBuild>
    <CustomBuild Include="planetmaps\jade.h">
      <Filter>Header Files</Filter>
    </CustomBuild>
    <CustomBuild Include="planetmaps\jade2.h">
      <Filter>Header Files</Filter>
    </CustomBuild>
    <ClInclude Include="libnoise-helpers_global.h">
      <Filter>Header Files</Filter>
    </ClInclude>
    <ClInclude Include="libnoisehelpers.h">
      <Filter>Header Files</Filter>
    </ClInclude>
    <ClInclude Include="planetmaps\maps.h">
      <Filter>Header Files</Filter>
    </ClInclude>
    <CustomBuild Include="texturebuilder\moduledescriptor.h">
      <Filter>Header Files</Filter>
    </CustomBuild>
    <CustomBuild Include="noiseimageutils.h">
      <Filter>Header Files</Filter>
    </CustomBuild>
    <CustomBuild Include="texturebuilder\noisemapbuilderdescriptor.h">
      <Filter>Header Files</Filter>
    </CustomBuild>
    <ClInclude Include="qcolorops.h">
      <Filter>Header Files</Filter>
    </ClInclude>
    <CustomBuild Include="texturebuilder\rendererdescriptor.h">
      <Filter>Header Files</Filter>
    </CustomBuild>
    <ClInclude Include="ssg_structures.h">
      <Filter>Header Files</Filter>
    </ClInclude>
    <CustomBuild Include="texturebuilder\texturebuilder.h">
      <Filter>Header Files</Filter>
    </CustomBuild>
  </ItemGroup>
  <ItemGroup>
    <ClCompile Include="debug\moc_abstractmap.cpp">
      <Filter>Generated Files</Filter>
    </ClCompile>
    <ClCompile Include="release\moc_abstractmap.cpp">
      <Filter>Generated Files</Filter>
    </ClCompile>
    <ClCompile Include="debug\moc_alienpeaks.cpp">
      <Filter>Generated Files</Filter>
    </ClCompile>
    <ClCompile Include="release\moc_alienpeaks.cpp">
      <Filter>Generated Files</Filter>
    </ClCompile>
    <ClCompile Include="debug\moc_cloudy.cpp">
      <Filter>Generated Files</Filter>
    </ClCompile>
    <ClCompile Include="release\moc_cloudy.cpp">
      <Filter>Generated Files</Filter>
    </ClCompile>
    <ClCompile Include="debug\moc_desert.cpp">
      <Filter>Generated Files</Filter>
    </ClCompile>
    <ClCompile Include="release\moc_desert.cpp">
      <Filter>Generated Files</Filter>
    </ClCompile>
    <ClCompile Include="debug\moc_desertg.cpp">
      <Filter>Generated Files</Filter>
    </ClCompile>
    <ClCompile Include="release\moc_desertg.cpp">
      <Filter>Generated Files</Filter>
    </ClCompile>
    <ClCompile Include="debug\moc_earthlike.cpp">
      <Filter>Generated Files</Filter>
    </ClCompile>
    <ClCompile Include="release\moc_earthlike.cpp">
      <Filter>Generated Files</Filter>
    </ClCompile>
    <ClCompile Include="debug\moc_earthlike3.cpp">
      <Filter>Generated Files</Filter>
    </ClCompile>
    <ClCompile Include="release\moc_earthlike3.cpp">
      <Filter>Generated Files</Filter>
    </ClCompile>
    <ClCompile Include="debug\moc_earthlikepeaks.cpp">
      <Filter>Generated Files</Filter>
    </ClCompile>
    <ClCompile Include="release\moc_earthlikepeaks.cpp">
      <Filter>Generated Files</Filter>
    </ClCompile>
    <ClCompile Include="debug\moc_gasgiant.cpp">
      <Filter>Generated Files</Filter>
    </ClCompile>
    <ClCompile Include="release\moc_gasgiant.cpp">
      <Filter>Generated Files</Filter>
    </ClCompile>
    <ClCompile Include="debug\moc_gg2.cpp">
      <Filter>Generated Files</Filter>
    </ClCompile>
    <ClCompile Include="release\moc_gg2.cpp">
      <Filter>Generated Files</Filter>
    </ClCompile>
    <ClCompile Include="debug\moc_granite.cpp">
      <Filter>Generated Files</Filter>
    </ClCompile>
    <ClCompile Include="release\moc_granite.cpp">
      <Filter>Generated Files</Filter>
    </ClCompile>
    <ClCompile Include="debug\moc_heightmapdescriptor.cpp">
      <Filter>Generated Files</Filter>
    </ClCompile>
    <ClCompile Include="release\moc_heightmapdescriptor.cpp">
      <Filter>Generated Files</Filter>
    </ClCompile>
    <ClCompile Include="debug\moc_ice.cpp">
      <Filter>Generated Files</Filter>
    </ClCompile>
    <ClCompile Include="release\moc_ice.cpp">
      <Filter>Generated Files</Filter>
    </ClCompile>
    <ClCompile Include="debug\moc_imagedescriptor.cpp">
      <Filter>Generated Files</Filter>
    </ClCompile>
    <ClCompile Include="release\moc_imagedescriptor.cpp">
      <Filter>Generated Files</Filter>
    </ClCompile>
    <ClCompile Include="debug\moc_jade.cpp">
      <Filter>Generated Files</Filter>
    </ClCompile>
    <ClCompile Include="release\moc_jade.cpp">
      <Filter>Generated Files</Filter>
    </ClCompile>
    <ClCompile Include="debug\moc_jade2.cpp">
      <Filter>Generated Files</Filter>
    </ClCompile>
    <ClCompile Include="release\moc_jade2.cpp">
      <Filter>Generated Files</Filter>
    </ClCompile>
    <ClCompile Include="debug\moc_moduledescriptor.cpp">
      <Filter>Generated Files</Filter>
    </ClCompile>
    <ClCompile Include="release\moc_moduledescriptor.cpp">
      <Filter>Generated Files</Filter>
    </ClCompile>
    <ClCompile Include="debug\moc_noiseimageutils.cpp">
      <Filter>Generated Files</Filter>
    </ClCompile>
    <ClCompile Include="release\moc_noiseimageutils.cpp">
      <Filter>Generated Files</Filter>
    </ClCompile>
    <ClCompile Include="debug\moc_noisemapbuilderdescriptor.cpp">
      <Filter>Generated Files</Filter>
    </ClCompile>
    <ClCompile Include="release\moc_noisemapbuilderdescriptor.cpp">
      <Filter>Generated Files</Filter>
    </ClCompile>
    <ClCompile Include="debug\moc_rendererdescriptor.cpp">
      <Filter>Generated Files</Filter>
    </ClCompile>
    <ClCompile Include="release\moc_rendererdescriptor.cpp">
      <Filter>Generated Files</Filter>
    </ClCompile>
    <ClCompile Include="debug\moc_texturebuilder.cpp">
      <Filter>Generated Files</Filter>
    </ClCompile>
    <ClCompile Include="release\moc_texturebuilder.cpp">
      <Filter>Generated Files</Filter>
    </ClCompile>
  </ItemGroup>
</Project>